
Microsoft Visual Studio Solution File, Format Version 12.00
# Visual Studio Version 17
VisualStudioVersion = 17.4.33122.133
MinimumVisualStudioVersion = 10.0.40219.1
Project("{FAE04EC0-301F-11D3-BF4B-00C04F79EFBC}") = "22-12-2022_WIN_Form_Save_TO_HTML", "22-12-2022_WIN_Form_Save_TO_HTML.csproj", "{9F3E2BB0-E0C3-451E-87E5-EA68369AE6AE}"
EndProject
Global
	GlobalSection(SolutionConfigurationPlatforms) = preSolution
		Debug|Any CPU = Debug|Any CPU
		Release|Any CPU = Release|Any CPU
	EndGlobalSection
	GlobalSection(ProjectConfigurationPlatforms) = postSolution
		{9F3E2BB0-E0C3-451E-87E5-EA68369AE6AE}.Debug|Any CPU.ActiveCfg = Debug|Any CPU
		{9F3E2BB0-E0C3-451E-87E5-EA68369AE6AE}.Debug|Any CPU.Build.0 = Debug|Any CPU
		{9F3E2BB0-E0C3-451E-87E5-EA68369AE6AE}.Release|Any CPU.ActiveCfg = Release|Any CPU
		{9F3E2BB0-E0C3-451E-87E5-EA68369AE6AE}.Release|Any CPU.Build.0 = Release|Any CPU
	EndGlobalSection
	GlobalSection(SolutionProperties) = preSolution
		HideSolutionNode = FALSE
	EndGlobalSection
	GlobalSection(ExtensibilityGlobals) = postSolution
		SolutionGuid = {25D252B6-29AA-445B-BCBE-C5A5D9DFCA5B}
	EndGlobalSection
EndGlobal
